
Microsoft Visual Studio Solution File, Format Version 12.00
# Visual Studio Version 17
VisualStudioVersion = 17.14.36310.24 d17.14
MinimumVisualStudioVersion = 10.0.40219.1
Project("{FAE04EC0-301F-11D3-BF4B-00C04F79EFBC}") = "ChainOfResponsibility", "ChainOfResponsibility.csproj", "{3F352245-A0BC-4444-AC10-9A8826F796AF}"
EndProject
Global
	GlobalSection(SolutionConfigurationPlatforms) = preSolution
		Debug|Any CPU = Debug|Any CPU
		Release|Any CPU = Release|Any CPU
	EndGlobalSection
	GlobalSection(ProjectConfigurationPlatforms) = postSolution
		{3F352245-A0BC-4444-AC10-9A8826F796AF}.Debug|Any CPU.ActiveCfg = Debug|Any CPU
		{3F352245-A0BC-4444-AC10-9A8826F796AF}.Debug|Any CPU.Build.0 = Debug|Any CPU
		{3F352245-A0BC-4444-AC10-9A8826F796AF}.Release|Any CPU.ActiveCfg = Release|Any CPU
		{3F352245-A0BC-4444-AC10-9A8826F796AF}.Release|Any CPU.Build.0 = Release|Any CPU
	EndGlobalSection
	GlobalSection(SolutionProperties) = preSolution
		HideSolutionNode = FALSE
	EndGlobalSection
	GlobalSection(ExtensibilityGlobals) = postSolution
		SolutionGuid = {7DCFA7B7-8E2C-475D-92B1-5FB5A24F7F80}
	EndGlobalSection
EndGlobal
